
Microsoft Visual Studio Solution File, Format Version 12.00
# Visual Studio 15
VisualStudioVersion = 15.0.27130.2036
MinimumVisualStudioVersion = 10.0.40219.1
Project("{FAE04EC0-301F-11D3-BF4B-00C04F79EFBC}") = "EdgeJsServerNet462", "EdgeJsServerNet462\EdgeJsServerNet462.csproj", "{F6ADED2B-3700-4FD9-B9F2-C4ACFD0636DF}"
EndProject
Global
	GlobalSection(SolutionConfigurationPlatforms) = preSolution
		Debug|Any CPU = Debug|Any CPU
		Release|Any CPU = Release|Any CPU
	EndGlobalSection
	GlobalSection(ProjectConfigurationPlatforms) = postSolution
		{F6ADED2B-3700-4FD9-B9F2-C4ACFD0636DF}.Debug|Any CPU.ActiveCfg = Debug|Any CPU
		{F6ADED2B-3700-4FD9-B9F2-C4ACFD0636DF}.Debug|Any CPU.Build.0 = Debug|Any CPU
		{F6ADED2B-3700-4FD9-B9F2-C4ACFD0636DF}.Release|Any CPU.ActiveCfg = Release|Any CPU
		{F6ADED2B-3700-4FD9-B9F2-C4ACFD0636DF}.Release|Any CPU.Build.0 = Release|Any CPU
	EndGlobalSection
	GlobalSection(SolutionProperties) = preSolution
		HideSolutionNode = FALSE
	EndGlobalSection
	GlobalSection(ExtensibilityGlobals) = postSolution
		SolutionGuid = {CA08F9E6-3C55-4A52-9CD8-F92820FA41E0}
	EndGlobalSection
EndGlobal
